
Microsoft Visual Studio Solution File, Format Version 12.00
# Visual Studio Version 16
VisualStudioVersion = 16.0.31702.278
MinimumVisualStudioVersion = 10.0.40219.1
Project("{FAE04EC0-301F-11D3-BF4B-00C04F79EFBC}") = "DMTools", "DMTools\DMTools.csproj", "{29E98BB2-A3B1-4950-90B4-3C24F2446A40}"
EndProject
Global
	GlobalSection(SolutionConfigurationPlatforms) = preSolution
		Debug|Any CPU = Debug|Any CPU
		Release|Any CPU = Release|Any CPU
	EndGlobalSection
	GlobalSection(ProjectConfigurationPlatforms) = postSolution
		{29E98BB2-A3B1-4950-90B4-3C24F2446A40}.Debug|Any CPU.ActiveCfg = Debug|Any CPU
		{29E98BB2-A3B1-4950-90B4-3C24F2446A40}.Debug|Any CPU.Build.0 = Debug|Any CPU
		{29E98BB2-A3B1-4950-90B4-3C24F2446A40}.Release|Any CPU.ActiveCfg = Release|Any CPU
		{29E98BB2-A3B1-4950-90B4-3C24F2446A40}.Release|Any CPU.Build.0 = Release|Any CPU
	EndGlobalSection
	GlobalSection(SolutionProperties) = preSolution
		HideSolutionNode = FALSE
	EndGlobalSection
	GlobalSection(ExtensibilityGlobals) = postSolution
		SolutionGuid = {07FF42A3-1DC1-4474-B8BE-9DF3E419D0B8}
	EndGlobalSection
EndGlobal
